
Microsoft Visual Studio Solution File, Format Version 12.00
# Visual Studio 15
VisualStudioVersion = 15.0.28307.1062
MinimumVisualStudioVersion = 10.0.40219.1
Project("{FAE04EC0-301F-11D3-BF4B-00C04F79EFBC}") = "ComplexTypeIssue", "ComplexTypeIssue\ComplexTypeIssue.csproj", "{6976D1F1-F450-4636-8F6B-5B5583269CA7}"
EndProject
Global
	GlobalSection(SolutionConfigurationPlatforms) = preSolution
		Debug|Any CPU = Debug|Any CPU
		Release|Any CPU = Release|Any CPU
	EndGlobalSection
	GlobalSection(ProjectConfigurationPlatforms) = postSolution
		{6976D1F1-F450-4636-8F6B-5B5583269CA7}.Debug|Any CPU.ActiveCfg = Debug|Any CPU
		{6976D1F1-F450-4636-8F6B-5B5583269CA7}.Debug|Any CPU.Build.0 = Debug|Any CPU
		{6976D1F1-F450-4636-8F6B-5B5583269CA7}.Release|Any CPU.ActiveCfg = Release|Any CPU
		{6976D1F1-F450-4636-8F6B-5B5583269CA7}.Release|Any CPU.Build.0 = Release|Any CPU
	EndGlobalSection
	GlobalSection(SolutionProperties) = preSolution
		HideSolutionNode = FALSE
	EndGlobalSection
	GlobalSection(ExtensibilityGlobals) = postSolution
		SolutionGuid = {9FE027DF-6646-454F-8695-7B1DA0949869}
	EndGlobalSection
EndGlobal
